// !$*UTF8*$!
{
	archiveVersion = 1;
	classes = {
	};
	objectVersion = 50;
	objects = {

/* Begin PBXBuildFile section */
		FB06194F20EFCBA200B01E31 /* AppDelegate.swift in Sources */ = {isa = PBXBuildFile; fileRef = FB06194E20EFCBA200B01E31 /* AppDelegate.swift */; };
		FB06195620EFCBA300B01E31 /* Assets.xcassets in Resources */ = {isa = PBXBuildFile; fileRef = FB06195520EFCBA300B01E31 /* Assets.xcassets */; };
		FB06195920EFCBA300B01E31 /* LaunchScreen.storyboard in Resources */ = {isa = PBXBuildFile; fileRef = FB06195720EFCBA300B01E31 /* LaunchScreen.storyboard */; };
		FB06197020EFCC5800B01E31 /* DogBreed.swift in Sources */ = {isa = PBXBuildFile; fileRef = FB06196F20EFCC5800B01E31 /* DogBreed.swift */; };
		FB06197320EFDABB00B01E31 /* ApplicationError.swift in Sources */ = {isa = PBXBuildFile; fileRef = FB06197220EFDABB00B01E31 /* ApplicationError.swift */; };
		FB06197520EFF20A00B01E31 /* DynamicCodingKey.swift in Sources */ = {isa = PBXBuildFile; fileRef = FB06197420EFF20A00B01E31 /* DynamicCodingKey.swift */; };
		FB06197820EFF2FD00B01E31 /* DogService.swift in Sources */ = {isa = PBXBuildFile; fileRef = FB06197720EFF2FD00B01E31 /* DogService.swift */; };
		FB06197A20EFF34100B01E31 /* DogNetworkService.swift in Sources */ = {isa = PBXBuildFile; fileRef = FB06197920EFF34100B01E31 /* DogNetworkService.swift */; };
		FB06197C20EFF3C200B01E31 /* DogBreedList.swift in Sources */ = {isa = PBXBuildFile; fileRef = FB06197B20EFF3C200B01E31 /* DogBreedList.swift */; };
		FB06198120EFF43B00B01E31 /* BreedListParsingTests.swift in Sources */ = {isa = PBXBuildFile; fileRef = FB06198020EFF43B00B01E31 /* BreedListParsingTests.swift */; };
		FB06198320EFF52900B01E31 /* DogBreedList.json in Resources */ = {isa = PBXBuildFile; fileRef = FB06198220EFF52900B01E31 /* DogBreedList.json */; };
		FB06198520EFF9BA00B01E31 /* ServiceError.swift in Sources */ = {isa = PBXBuildFile; fileRef = FB06198420EFF9BA00B01E31 /* ServiceError.swift */; };
		FB06198720EFFA8D00B01E31 /* DogServiceParsingTests.swift in Sources */ = {isa = PBXBuildFile; fileRef = FB06198620EFFA8D00B01E31 /* DogServiceParsingTests.swift */; };
		FB06198920F001EB00B01E31 /* ImageURLList.swift in Sources */ = {isa = PBXBuildFile; fileRef = FB06198820F001EB00B01E31 /* ImageURLList.swift */; };
		FB06198B20F0043900B01E31 /* NetworkActivityIndicator.swift in Sources */ = {isa = PBXBuildFile; fileRef = FB06198A20F0043900B01E31 /* NetworkActivityIndicator.swift */; };
		FB06198F20F004DF00B01E31 /* ImageURLListTests.swift in Sources */ = {isa = PBXBuildFile; fileRef = FB06198E20F004DF00B01E31 /* ImageURLListTests.swift */; };
		FB06199120F0052200B01E31 /* ImageURLList.json in Resources */ = {isa = PBXBuildFile; fileRef = FB06199020F0052200B01E31 /* ImageURLList.json */; };
		FB06199320F00A4400B01E31 /* SingleImageResponse.swift in Sources */ = {isa = PBXBuildFile; fileRef = FB06199220F00A4400B01E31 /* SingleImageResponse.swift */; };
		FB06199520F00BF100B01E31 /* SingleImageResponseParsingTests.swift in Sources */ = {isa = PBXBuildFile; fileRef = FB06199420F00BF100B01E31 /* SingleImageResponseParsingTests.swift */; };
		FB06199820F00DE200B01E31 /* DogBreedOverviewTableCell.swift in Sources */ = {isa = PBXBuildFile; fileRef = FB06199720F00DE200B01E31 /* DogBreedOverviewTableCell.swift */; };
		FB06199A20F0118800B01E31 /* ColorPallet.swift in Sources */ = {isa = PBXBuildFile; fileRef = FB06199920F0118800B01E31 /* ColorPallet.swift */; };
		FB06199C20F0134A00B01E31 /* DogBreedListController.swift in Sources */ = {isa = PBXBuildFile; fileRef = FB06199B20F0134A00B01E31 /* DogBreedListController.swift */; };
		FB49301720FD6CA10026CEC6 /* DogBreedListControllerTests.swift in Sources */ = {isa = PBXBuildFile; fileRef = FB49301620FD6CA10026CEC6 /* DogBreedListControllerTests.swift */; };
		FB49301920FD6D2B0026CEC6 /* MockDogService.swift in Sources */ = {isa = PBXBuildFile; fileRef = FB49301820FD6D2B0026CEC6 /* MockDogService.swift */; };
		FB49301B20FD7D200026CEC6 /* UIImageView+DogBreeds.swift in Sources */ = {isa = PBXBuildFile; fileRef = FB49301A20FD7D200026CEC6 /* UIImageView+DogBreeds.swift */; };
		FBF8B69E20FECB64001CF6F4 /* Array+DogBreeds.swift in Sources */ = {isa = PBXBuildFile; fileRef = FBF8B69D20FECB64001CF6F4 /* Array+DogBreeds.swift */; };
		FBF8B6A020FED299001CF6F4 /* String+DogBreeds.swift in Sources */ = {isa = PBXBuildFile; fileRef = FBF8B69F20FED299001CF6F4 /* String+DogBreeds.swift */; };
/* End PBXBuildFile section */

/* Begin PBXContainerItemProxy section */
		FB06196020EFCBA300B01E31 /* PBXContainerItemProxy */ = {
			isa = PBXContainerItemProxy;
			containerPortal = FB06194320EFCBA200B01E31 /* Project object */;
			proxyType = 1;
			remoteGlobalIDString = FB06194A20EFCBA200B01E31;
			remoteInfo = DogBreeds;
		};
/* End PBXContainerItemProxy section */

/* Begin PBXFileReference section */
		FB06194B20EFCBA200B01E31 /* DogBreeds.app */ = {isa = PBXFileReference; explicitFileType = wrapper.application; includeInIndex = 0; path = DogBreeds.app; sourceTree = BUILT_PRODUCTS_DIR; };
		FB06194E20EFCBA200B01E31 /* AppDelegate.swift */ = {isa = PBXFileReference; lastKnownFileType = sourcecode.swift; path = AppDelegate.swift; sourceTree = "<group>"; };
		FB06195520EFCBA300B01E31 /* Assets.xcassets */ = {isa = PBXFileReference; lastKnownFileType = folder.assetcatalog; path = Assets.xcassets; sourceTree = "<group>"; };
		FB06195820EFCBA300B01E31 /* Base */ = {isa = PBXFileReference; lastKnownFileType = file.storyboard; name = Base; path = Base.lproj/LaunchScreen.storyboard; sourceTree = "<group>"; };
		FB06195A20EFCBA300B01E31 /* Info.plist */ = {isa = PBXFileReference; lastKnownFileType = text.plist.xml; path = Info.plist; sourceTree = "<group>"; };
		FB06195F20EFCBA300B01E31 /* DogBreedsTests.xctest */ = {isa = PBXFileReference; explicitFileType = wrapper.cfbundle; includeInIndex = 0; path = DogBreedsTests.xctest; sourceTree = BUILT_PRODUCTS_DIR; };
		FB06196520EFCBA300B01E31 /* Info.plist */ = {isa = PBXFileReference; lastKnownFileType = text.plist.xml; path = Info.plist; sourceTree = "<group>"; };
		FB06196F20EFCC5800B01E31 /* DogBreed.swift */ = {isa = PBXFileReference; lastKnownFileType = sourcecode.swift; path = DogBreed.swift; sourceTree = "<group>"; };
		FB06197220EFDABB00B01E31 /* ApplicationError.swift */ = {isa = PBXFileReference; lastKnownFileType = sourcecode.swift; path = ApplicationError.swift; sourceTree = "<group>"; };
		FB06197420EFF20A00B01E31 /* DynamicCodingKey.swift */ = {isa = PBXFileReference; lastKnownFileType = sourcecode.swift; path = DynamicCodingKey.swift; sourceTree = "<group>"; };
		FB06197720EFF2FD00B01E31 /* DogService.swift */ = {isa = PBXFileReference; lastKnownFileType = sourcecode.swift; path = DogService.swift; sourceTree = "<group>"; };
		FB06197920EFF34100B01E31 /* DogNetworkService.swift */ = {isa = PBXFileReference; lastKnownFileType = sourcecode.swift; path = DogNetworkService.swift; sourceTree = "<group>"; };
		FB06197B20EFF3C200B01E31 /* DogBreedList.swift */ = {isa = PBXFileReference; lastKnownFileType = sourcecode.swift; path = DogBreedList.swift; sourceTree = "<group>"; };
		FB06198020EFF43B00B01E31 /* BreedListParsingTests.swift */ = {isa = PBXFileReference; lastKnownFileType = sourcecode.swift; path = BreedListParsingTests.swift; sourceTree = "<group>"; };
		FB06198220EFF52900B01E31 /* DogBreedList.json */ = {isa = PBXFileReference; fileEncoding = 4; lastKnownFileType = text.json; path = DogBreedList.json; sourceTree = "<group>"; };
		FB06198420EFF9BA00B01E31 /* ServiceError.swift */ = {isa = PBXFileReference; lastKnownFileType = sourcecode.swift; path = ServiceError.swift; sourceTree = "<group>"; };
		FB06198620EFFA8D00B01E31 /* DogServiceParsingTests.swift */ = {isa = PBXFileReference; lastKnownFileType = sourcecode.swift; path = DogServiceParsingTests.swift; sourceTree = "<group>"; };
		FB06198820F001EB00B01E31 /* ImageURLList.swift */ = {isa = PBXFileReference; lastKnownFileType = sourcecode.swift; path = ImageURLList.swift; sourceTree = "<group>"; };
		FB06198A20F0043900B01E31 /* NetworkActivityIndicator.swift */ = {isa = PBXFileReference; lastKnownFileType = sourcecode.swift; path = NetworkActivityIndicator.swift; sourceTree = "<group>"; };
		FB06198E20F004DF00B01E31 /* ImageURLListTests.swift */ = {isa = PBXFileReference; lastKnownFileType = sourcecode.swift; path = ImageURLListTests.swift; sourceTree = "<group>"; };
		FB06199020F0052200B01E31 /* ImageURLList.json */ = {isa = PBXFileReference; fileEncoding = 4; lastKnownFileType = text.json; path = ImageURLList.json; sourceTree = "<group>"; };
		FB06199220F00A4400B01E31 /* SingleImageResponse.swift */ = {isa = PBXFileReference; lastKnownFileType = sourcecode.swift; path = SingleImageResponse.swift; sourceTree = "<group>"; };
		FB06199420F00BF100B01E31 /* SingleImageResponseParsingTests.swift */ = {isa = PBXFileReference; lastKnownFileType = sourcecode.swift; path = SingleImageResponseParsingTests.swift; sourceTree = "<group>"; };
		FB06199720F00DE200B01E31 /* DogBreedOverviewTableCell.swift */ = {isa = PBXFileReference; lastKnownFileType = sourcecode.swift; path = DogBreedOverviewTableCell.swift; sourceTree = "<group>"; };
		FB06199920F0118800B01E31 /* ColorPallet.swift */ = {isa = PBXFileReference; lastKnownFileType = sourcecode.swift; path = ColorPallet.swift; sourceTree = "<group>"; };
		FB06199B20F0134A00B01E31 /* DogBreedListController.swift */ = {isa = PBXFileReference; lastKnownFileType = sourcecode.swift; path = DogBreedListController.swift; sourceTree = "<group>"; };
		FB49301620FD6CA10026CEC6 /* DogBreedListControllerTests.swift */ = {isa = PBXFileReference; lastKnownFileType = sourcecode.swift; path = DogBreedListControllerTests.swift; sourceTree = "<group>"; };
		FB49301820FD6D2B0026CEC6 /* MockDogService.swift */ = {isa = PBXFileReference; lastKnownFileType = sourcecode.swift; path = MockDogService.swift; sourceTree = "<group>"; };
		FB49301A20FD7D200026CEC6 /* UIImageView+DogBreeds.swift */ = {isa = PBXFileReference; lastKnownFileType = sourcecode.swift; path = "UIImageView+DogBreeds.swift"; sourceTree = "<group>"; };
		FBF8B69D20FECB64001CF6F4 /* Array+DogBreeds.swift */ = {isa = PBXFileReference; lastKnownFileType = sourcecode.swift; path = "Array+DogBreeds.swift"; sourceTree = "<group>"; };
		FBF8B69F20FED299001CF6F4 /* String+DogBreeds.swift */ = {isa = PBXFileReference; lastKnownFileType = sourcecode.swift; path = "String+DogBreeds.swift"; sourceTree = "<group>"; };
/* End PBXFileReference section */

/* Begin PBXFrameworksBuildPhase section */
		FB06194820EFCBA200B01E31 /* Frameworks */ = {
			isa = PBXFrameworksBuildPhase;
			buildActionMask = 2147483647;
			files = (
			);
			runOnlyForDeploymentPostprocessing = 0;
		};
		FB06195C20EFCBA300B01E31 /* Frameworks */ = {
			isa = PBXFrameworksBuildPhase;
			buildActionMask = 2147483647;
			files = (
			);
			runOnlyForDeploymentPostprocessing = 0;
		};
/* End PBXFrameworksBuildPhase section */

/* Begin PBXGroup section */
		FB06194220EFCBA200B01E31 = {
			isa = PBXGroup;
			children = (
				FB06194D20EFCBA200B01E31 /* DogBreeds */,
				FB06196220EFCBA300B01E31 /* DogBreedsTests */,
				FB06194C20EFCBA200B01E31 /* Products */,
			);
			sourceTree = "<group>";
		};
		FB06194C20EFCBA200B01E31 /* Products */ = {
			isa = PBXGroup;
			children = (
				FB06194B20EFCBA200B01E31 /* DogBreeds.app */,
				FB06195F20EFCBA300B01E31 /* DogBreedsTests.xctest */,
			);
			name = Products;
			sourceTree = "<group>";
		};
		FB06194D20EFCBA200B01E31 /* DogBreeds */ = {
			isa = PBXGroup;
			children = (
				FB06194E20EFCBA200B01E31 /* AppDelegate.swift */,
				FB06199620F00D7F00B01E31 /* Dog Breeds List */,
				FB06197620EFF2F300B01E31 /* Service */,
				FB06197120EFDAA700B01E31 /* Other */,
				FB06196E20EFCC3800B01E31 /* Model */,
				FB06195520EFCBA300B01E31 /* Assets.xcassets */,
				FB06195720EFCBA300B01E31 /* LaunchScreen.storyboard */,
				FB06195A20EFCBA300B01E31 /* Info.plist */,
			);
			path = DogBreeds;
			sourceTree = "<group>";
		};
		FB06196220EFCBA300B01E31 /* DogBreedsTests */ = {
			isa = PBXGroup;
			children = (
				FB06197F20EFF42700B01E31 /* JSON */,
				FB06198020EFF43B00B01E31 /* BreedListParsingTests.swift */,
				FB06198620EFFA8D00B01E31 /* DogServiceParsingTests.swift */,
				FB06198E20F004DF00B01E31 /* ImageURLListTests.swift */,
				FB06199420F00BF100B01E31 /* SingleImageResponseParsingTests.swift */,
				FB49301620FD6CA10026CEC6 /* DogBreedListControllerTests.swift */,
				FB49301820FD6D2B0026CEC6 /* MockDogService.swift */,
				FB06196520EFCBA300B01E31 /* Info.plist */,
			);
			path = DogBreedsTests;
			sourceTree = "<group>";
		};
		FB06196E20EFCC3800B01E31 /* Model */ = {
			isa = PBXGroup;
			children = (
				FB06196F20EFCC5800B01E31 /* DogBreed.swift */,
				FB06197B20EFF3C200B01E31 /* DogBreedList.swift */,
				FB06198820F001EB00B01E31 /* ImageURLList.swift */,
				FB06199220F00A4400B01E31 /* SingleImageResponse.swift */,
			);
			path = Model;
			sourceTree = "<group>";
		};
		FB06197120EFDAA700B01E31 /* Other */ = {
			isa = PBXGroup;
			children = (
				FB06197220EFDABB00B01E31 /* ApplicationError.swift */,
				FB06198420EFF9BA00B01E31 /* ServiceError.swift */,
				FB06197420EFF20A00B01E31 /* DynamicCodingKey.swift */,
				FB06198A20F0043900B01E31 /* NetworkActivityIndicator.swift */,
				FB06199920F0118800B01E31 /* ColorPallet.swift */,
				FB49301A20FD7D200026CEC6 /* UIImageView+DogBreeds.swift */,
				FBF8B69D20FECB64001CF6F4 /* Array+DogBreeds.swift */,
				FBF8B69F20FED299001CF6F4 /* String+DogBreeds.swift */,
			);
			path = Other;
			sourceTree = "<group>";
		};
		FB06197620EFF2F300B01E31 /* Service */ = {
			isa = PBXGroup;
			children = (
				FB06197720EFF2FD00B01E31 /* DogService.swift */,
				FB06197920EFF34100B01E31 /* DogNetworkService.swift */,
			);
			path = Service;
			sourceTree = "<group>";
		};
		FB06197F20EFF42700B01E31 /* JSON */ = {
			isa = PBXGroup;
			children = (
				FB06198220EFF52900B01E31 /* DogBreedList.json */,
				FB06199020F0052200B01E31 /* ImageURLList.json */,
			);
			path = JSON;
			sourceTree = "<group>";
		};
		FB06199620F00D7F00B01E31 /* Dog Breeds List */ = {
			isa = PBXGroup;
			children = (
				FB06199720F00DE200B01E31 /* DogBreedOverviewTableCell.swift */,
				FB06199B20F0134A00B01E31 /* DogBreedListController.swift */,
			);
			path = "Dog Breeds List";
			sourceTree = "<group>";
		};
/* End PBXGroup section */

/* Begin PBXNativeTarget section */
		FB06194A20EFCBA200B01E31 /* DogBreeds */ = {
			isa = PBXNativeTarget;
			buildConfigurationList = FB06196820EFCBA300B01E31 /* Build configuration list for PBXNativeTarget "DogBreeds" */;
			buildPhases = (
				FB06194720EFCBA200B01E31 /* Sources */,
				FB06194820EFCBA200B01E31 /* Frameworks */,
				FB06194920EFCBA200B01E31 /* Resources */,
			);
			buildRules = (
			);
			dependencies = (
			);
			name = DogBreeds;
			productName = DogBreeds;
			productReference = FB06194B20EFCBA200B01E31 /* DogBreeds.app */;
			productType = "com.apple.product-type.application";
		};
		FB06195E20EFCBA300B01E31 /* DogBreedsTests */ = {
			isa = PBXNativeTarget;
			buildConfigurationList = FB06196B20EFCBA300B01E31 /* Build configuration list for PBXNativeTarget "DogBreedsTests" */;
			buildPhases = (
				FB06195B20EFCBA300B01E31 /* Sources */,
				FB06195C20EFCBA300B01E31 /* Frameworks */,
				FB06195D20EFCBA300B01E31 /* Resources */,
			);
			buildRules = (
			);
			dependencies = (
				FB06196120EFCBA300B01E31 /* PBXTargetDependency */,
			);
			name = DogBreedsTests;
			productName = DogBreedsTests;
			productReference = FB06195F20EFCBA300B01E31 /* DogBreedsTests.xctest */;
			productType = "com.apple.product-type.bundle.unit-test";
		};
/* End PBXNativeTarget section */

/* Begin PBXProject section */
		FB06194320EFCBA200B01E31 /* Project object */ = {
			isa = PBXProject;
			attributes = {
				LastSwiftUpdateCheck = 0940;
				LastUpgradeCheck = 0940;
				ORGANIZATIONNAME = "Keith Hunter";
				TargetAttributes = {
					FB06194A20EFCBA200B01E31 = {
						CreatedOnToolsVersion = 9.4.1;
					};
					FB06195E20EFCBA300B01E31 = {
						CreatedOnToolsVersion = 9.4.1;
						TestTargetID = FB06194A20EFCBA200B01E31;
					};
				};
			};
			buildConfigurationList = FB06194620EFCBA200B01E31 /* Build configuration list for PBXProject "DogBreeds" */;
			compatibilityVersion = "Xcode 9.3";
			developmentRegion = en;
			hasScannedForEncodings = 0;
			knownRegions = (
				en,
				Base,
			);
			mainGroup = FB06194220EFCBA200B01E31;
			productRefGroup = FB06194C20EFCBA200B01E31 /* Products */;
			projectDirPath = "";
			projectRoot = "";
			targets = (
				FB06194A20EFCBA200B01E31 /* DogBreeds */,
				FB06195E20EFCBA300B01E31 /* DogBreedsTests */,
			);
		};
/* End PBXProject section */

/* Begin PBXResourcesBuildPhase section */
		FB06194920EFCBA200B01E31 /* Resources */ = {
			isa = PBXResourcesBuildPhase;
			buildActionMask = 2147483647;
			files = (
				FB06195920EFCBA300B01E31 /* LaunchScreen.storyboard in Resources */,
				FB06195620EFCBA300B01E31 /* Assets.xcassets in Resources */,
			);
			runOnlyForDeploymentPostprocessing = 0;
		};
		FB06195D20EFCBA300B01E31 /* Resources */ = {
			isa = PBXResourcesBuildPhase;
			buildActionMask = 2147483647;
			files = (
				FB06198320EFF52900B01E31 /* DogBreedList.json in Resources */,
				FB06199120F0052200B01E31 /* ImageURLList.json in Resources */,
			);
			runOnlyForDeploymentPostprocessing = 0;
		};
/* End PBXResourcesBuildPhase section */

/* Begin PBXSourcesBuildPhase section */
		FB06194720EFCBA200B01E31 /* Sources */ = {
			isa = PBXSourcesBuildPhase;
			buildActionMask = 2147483647;
			files = (
				FB06197020EFCC5800B01E31 /* DogBreed.swift in Sources */,
				FB06198B20F0043900B01E31 /* NetworkActivityIndicator.swift in Sources */,
				FBF8B69E20FECB64001CF6F4 /* Array+DogBreeds.swift in Sources */,
				FB06197A20EFF34100B01E31 /* DogNetworkService.swift in Sources */,
				FB06199320F00A4400B01E31 /* SingleImageResponse.swift in Sources */,
				FB06197820EFF2FD00B01E31 /* DogService.swift in Sources */,
				FBF8B6A020FED299001CF6F4 /* String+DogBreeds.swift in Sources */,
				FB06197520EFF20A00B01E31 /* DynamicCodingKey.swift in Sources */,
				FB06197C20EFF3C200B01E31 /* DogBreedList.swift in Sources */,
				FB06199C20F0134A00B01E31 /* DogBreedListController.swift in Sources */,
				FB06198520EFF9BA00B01E31 /* ServiceError.swift in Sources */,
				FB06199A20F0118800B01E31 /* ColorPallet.swift in Sources */,
				FB49301B20FD7D200026CEC6 /* UIImageView+DogBreeds.swift in Sources */,
				FB06199820F00DE200B01E31 /* DogBreedOverviewTableCell.swift in Sources */,
				FB06194F20EFCBA200B01E31 /* AppDelegate.swift in Sources */,
				FB06197320EFDABB00B01E31 /* ApplicationError.swift in Sources */,
				FB06198920F001EB00B01E31 /* ImageURLList.swift in Sources */,
			);
			runOnlyForDeploymentPostprocessing = 0;
		};
		FB06195B20EFCBA300B01E31 /* Sources */ = {
			isa = PBXSourcesBuildPhase;
			buildActionMask = 2147483647;
			files = (
				FB06198F20F004DF00B01E31 /* ImageURLListTests.swift in Sources */,
				FB06198720EFFA8D00B01E31 /* DogServiceParsingTests.swift in Sources */,
				FB49301920FD6D2B0026CEC6 /* MockDogService.swift in Sources */,
				FB06198120EFF43B00B01E31 /* BreedListParsingTests.swift in Sources */,
				FB06199520F00BF100B01E31 /* SingleImageResponseParsingTests.swift in Sources */,
				FB49301720FD6CA10026CEC6 /* DogBreedListControllerTests.swift in Sources */,
			);
			runOnlyForDeploymentPostprocessing = 0;
		};
/* End PBXSourcesBuildPhase section */

/* Begin PBXTargetDependency section */
		FB06196120EFCBA300B01E31 /* PBXTargetDependency */ = {
			isa = PBXTargetDependency;
			target = FB06194A20EFCBA200B01E31 /* DogBreeds */;
			targetProxy = FB06196020EFCBA300B01E31 /* PBXContainerItemProxy */;
		};
/* End PBXTargetDependency section */

/* Begin PBXVariantGroup section */
		FB06195720EFCBA300B01E31 /* LaunchScreen.storyboard */ = {
			isa = PBXVariantGroup;
			children = (
				FB06195820EFCBA300B01E31 /* Base */,
			);
			name = LaunchScreen.storyboard;
			sourceTree = "<group>";
		};
/* End PBXVariantGroup section */

/* Begin XCBuildConfiguration section */
		FB06196620EFCBA300B01E31 /* Debug */ = {
			isa = XCBuildConfiguration;
			buildSettings = {
				ALWAYS_SEARCH_USER_PATHS = NO;
				CLANG_ANALYZER_NONNULL = YES;
				CLANG_ANALYZER_NUMBER_OBJECT_CONVERSION = YES_AGGRESSIVE;
				CLANG_CXX_LANGUAGE_STANDARD = "gnu++14";
				CLANG_CXX_LIBRARY = "libc++";
				CLANG_ENABLE_MODULES = YES;
				CLANG_ENABLE_OBJC_ARC = YES;
				CLANG_ENABLE_OBJC_WEAK = YES;
				CLANG_WARN_BLOCK_CAPTURE_AUTORELEASING = YES;
				CLANG_WARN_BOOL_CONVERSION = YES;
				CLANG_WARN_COMMA = YES;
				CLANG_WARN_CONSTANT_CONVERSION = YES;
				CLANG_WARN_DEPRECATED_OBJC_IMPLEMENTATIONS = YES;
				CLANG_WARN_DIRECT_OBJC_ISA_USAGE = YES_ERROR;
				CLANG_WARN_DOCUMENTATION_COMMENTS = YES;
				CLANG_WARN_EMPTY_BODY = YES;
				CLANG_WARN_ENUM_CONVERSION = YES;
				CLANG_WARN_INFINITE_RECURSION = YES;
				CLANG_WARN_INT_CONVERSION = YES;
				CLANG_WARN_NON_LITERAL_NULL_CONVERSION = YES;
				CLANG_WARN_OBJC_IMPLICIT_RETAIN_SELF = YES;
				CLANG_WARN_OBJC_LITERAL_CONVERSION = YES;
				CLANG_WARN_OBJC_ROOT_CLASS = YES_ERROR;
				CLANG_WARN_RANGE_LOOP_ANALYSIS = YES;
				CLANG_WARN_STRICT_PROTOTYPES = YES;
				CLANG_WARN_SUSPICIOUS_MOVE = YES;
				CLANG_WARN_UNGUARDED_AVAILABILITY = YES_AGGRESSIVE;
				CLANG_WARN_UNREACHABLE_CODE = YES;
				CLANG_WARN__DUPLICATE_METHOD_MATCH = YES;
				CODE_SIGN_IDENTITY = "iPhone Developer";
				COPY_PHASE_STRIP = NO;
				DEBUG_INFORMATION_FORMAT = dwarf;
				ENABLE_STRICT_OBJC_MSGSEND = YES;
				ENABLE_TESTABILITY = YES;
				GCC_C_LANGUAGE_STANDARD = gnu11;
				GCC_DYNAMIC_NO_PIC = NO;
				GCC_NO_COMMON_BLOCKS = YES;
				GCC_OPTIMIZATION_LEVEL = 0;
				GCC_PREPROCESSOR_DEFINITIONS = (
					"DEBUG=1",
					"$(inherited)",
				);
				GCC_WARN_64_TO_32_BIT_CONVERSION = YES;
				GCC_WARN_ABOUT_RETURN_TYPE = YES_ERROR;
				GCC_WARN_UNDECLARED_SELECTOR = YES;
				GCC_WARN_UNINITIALIZED_AUTOS = YES_AGGRESSIVE;
				GCC_WARN_UNUSED_FUNCTION = YES;
				GCC_WARN_UNUSED_VARIABLE = YES;
				IPHONEOS_DEPLOYMENT_TARGET = 11.4;
				MTL_ENABLE_DEBUG_INFO = YES;
				ONLY_ACTIVE_ARCH = YES;
				SDKROOT = iphoneos;
				SWIFT_ACTIVE_COMPILATION_CONDITIONS = DEBUG;
				SWIFT_OPTIMIZATION_LEVEL = "-Onone";
			};
			name = Debug;
		};
		FB06196720EFCBA300B01E31 /* Release */ = {
			isa = XCBuildConfiguration;
			buildSettings = {
				ALWAYS_SEARCH_USER_PATHS = NO;
				CLANG_ANALYZER_NONNULL = YES;
				CLANG_ANALYZER_NUMBER_OBJECT_CONVERSION = YES_AGGRESSIVE;
				CLANG_CXX_LANGUAGE_STANDARD = "gnu++14";
				CLANG_CXX_LIBRARY = "libc++";
				CLANG_ENABLE_MODULES = YES;
				CLANG_ENABLE_OBJC_ARC = YES;
				CLANG_ENABLE_OBJC_WEAK = YES;
				CLANG_WARN_BLOCK_CAPTURE_AUTORELEASING = YES;
				CLANG_WARN_BOOL_CONVERSION = YES;
				CLANG_WARN_COMMA = YES;
				CLANG_WARN_CONSTANT_CONVERSION = YES;
				CLANG_WARN_DEPRECATED_OBJC_IMPLEMENTATIONS = YES;
				CLANG_WARN_DIRECT_OBJC_ISA_USAGE = YES_ERROR;
				CLANG_WARN_DOCUMENTATION_COMMENTS = YES;
				CLANG_WARN_EMPTY_BODY = YES;
				CLANG_WARN_ENUM_CONVERSION = YES;
				CLANG_WARN_INFINITE_RECURSION = YES;
				CLANG_WARN_INT_CONVERSION = YES;
				CLANG_WARN_NON_LITERAL_NULL_CONVERSION = YES;
				CLANG_WARN_OBJC_IMPLICIT_RETAIN_SELF = YES;
				CLANG_WARN_OBJC_LITERAL_CONVERSION = YES;
				CLANG_WARN_OBJC_ROOT_CLASS = YES_ERROR;
				CLANG_WARN_RANGE_LOOP_ANALYSIS = YES;
				CLANG_WARN_STRICT_PROTOTYPES = YES;
				CLANG_WARN_SUSPICIOUS_MOVE = YES;
				CLANG_WARN_UNGUARDED_AVAILABILITY = YES_AGGRESSIVE;
				CLANG_WARN_UNREACHABLE_CODE = YES;
				CLANG_WARN__DUPLICATE_METHOD_MATCH = YES;
				CODE_SIGN_IDENTITY = "iPhone Developer";
				COPY_PHASE_STRIP = NO;
				DEBUG_INFORMATION_FORMAT = "dwarf-with-dsym";
				ENABLE_NS_ASSERTIONS = NO;
				ENABLE_STRICT_OBJC_MSGSEND = YES;
				GCC_C_LANGUAGE_STANDARD = gnu11;
				GCC_NO_COMMON_BLOCKS = YES;
				GCC_WARN_64_TO_32_BIT_CONVERSION = YES;
				GCC_WARN_ABOUT_RETURN_TYPE = YES_ERROR;
				GCC_WARN_UNDECLARED_SELECTOR = YES;
				GCC_WARN_UNINITIALIZED_AUTOS = YES_AGGRESSIVE;
				GCC_WARN_UNUSED_FUNCTION = YES;
				GCC_WARN_UNUSED_VARIABLE = YES;
				IPHONEOS_DEPLOYMENT_TARGET = 11.4;
				MTL_ENABLE_DEBUG_INFO = NO;
				SDKROOT = iphoneos;
				SWIFT_COMPILATION_MODE = wholemodule;
				SWIFT_OPTIMIZATION_LEVEL = "-O";
				VALIDATE_PRODUCT = YES;
			};
			name = Release;
		};
		FB06196920EFCBA300B01E31 /* Debug */ = {
			isa = XCBuildConfiguration;
			buildSettings = {
				ASSETCATALOG_COMPILER_APPICON_NAME = AppIcon;
				CODE_SIGN_STYLE = Automatic;
				DEVELOPMENT_TEAM = Y4AX2M7593;
				INFOPLIST_FILE = DogBreeds/Info.plist;
				IPHONEOS_DEPLOYMENT_TARGET = 11.0;
				LD_RUNPATH_SEARCH_PATHS = (
					"$(inherited)",
					"@executable_path/Frameworks",
				);
				PRODUCT_BUNDLE_IDENTIFIER = com.keithbhunter.DogBreeds;
				PRODUCT_NAME = "$(TARGET_NAME)";
				SWIFT_VERSION = 4.0;
				TARGETED_DEVICE_FAMILY = "1,2";
			};
			name = Debug;
		};
		FB06196A20EFCBA300B01E31 /* Release */ = {
			isa = XCBuildConfiguration;
			buildSettings = {
				ASSETCATALOG_COMPILER_APPICON_NAME = AppIcon;
				CODE_SIGN_STYLE = Automatic;
				DEVELOPMENT_TEAM = Y4AX2M7593;
				INFOPLIST_FILE = DogBreeds/Info.plist;
				IPHONEOS_DEPLOYMENT_TARGET = 11.0;
				LD_RUNPATH_SEARCH_PATHS = (
					"$(inherited)",
					"@executable_path/Frameworks",
				);
				PRODUCT_BUNDLE_IDENTIFIER = com.keithbhunter.DogBreeds;
				PRODUCT_NAME = "$(TARGET_NAME)";
				SWIFT_VERSION = 4.0;
				TARGETED_DEVICE_FAMILY = "1,2";
			};
			name = Release;
		};
		FB06196C20EFCBA300B01E31 /* Debug */ = {
			isa = XCBuildConfiguration;
			buildSettings = {
				ALWAYS_EMBED_SWIFT_STANDARD_LIBRARIES = YES;
				BUNDLE_LOADER = "$(TEST_HOST)";
				CODE_SIGN_STYLE = Automatic;
				DEVELOPMENT_TEAM = Y4AX2M7593;
				INFOPLIST_FILE = DogBreedsTests/Info.plist;
				LD_RUNPATH_SEARCH_PATHS = (
					"$(inherited)",
					"@executable_path/Frameworks",
					"@loader_path/Frameworks",
				);
				PRODUCT_BUNDLE_IDENTIFIER = com.keithbhunter.DogBreedsTests;
				PRODUCT_NAME = "$(TARGET_NAME)";
				SWIFT_VERSION = 4.0;
				TARGETED_DEVICE_FAMILY = "1,2";
				TEST_HOST = "$(BUILT_PRODUCTS_DIR)/DogBreeds.app/DogBreeds";
			};
			name = Debug;
		};
		FB06196D20EFCBA300B01E31 /* Release */ = {
			isa = XCBuildConfiguration;
			buildSettings = {
				ALWAYS_EMBED_SWIFT_STANDARD_LIBRARIES = YES;
				BUNDLE_LOADER = "$(TEST_HOST)";
				CODE_SIGN_STYLE = Automatic;
				DEVELOPMENT_TEAM = Y4AX2M7593;
				INFOPLIST_FILE = DogBreedsTests/Info.plist;
				LD_RUNPATH_SEARCH_PATHS = (
					"$(inherited)",
					"@executable_path/Frameworks",
					"@loader_path/Frameworks",
				);
				PRODUCT_BUNDLE_IDENTIFIER = com.keithbhunter.DogBreedsTests;
				PRODUCT_NAME = "$(TARGET_NAME)";
				SWIFT_VERSION = 4.0;
				TARGETED_DEVICE_FAMILY = "1,2";
				TEST_HOST = "$(BUILT_PRODUCTS_DIR)/DogBreeds.app/DogBreeds";
			};
			name = Release;
		};
/* End XCBuildConfiguration section */

/* Begin XCConfigurationList section */
		FB06194620EFCBA200B01E31 /* Build configuration list for PBXProject "DogBreeds" */ = {
			isa = XCConfigurationList;
			buildConfigurations = (
				FB06196620EFCBA300B01E31 /* Debug */,
				FB06196720EFCBA300B01E31 /* Release */,
			);
			defaultConfigurationIsVisible = 0;
			defaultConfigurationName = Release;
		};
		FB06196820EFCBA300B01E31 /* Build configuration list for PBXNativeTarget "DogBreeds" */ = {
			isa = XCConfigurationList;
			buildConfigurations = (
				FB06196920EFCBA300B01E31 /* Debug */,
				FB06196A20EFCBA300B01E31 /* Release */,
			);
			defaultConfigurationIsVisible = 0;
			defaultConfigurationName = Release;
		};
		FB06196B20EFCBA300B01E31 /* Build configuration list for PBXNativeTarget "DogBreedsTests" */ = {
			isa = XCConfigurationList;
			buildConfigurations = (
				FB06196C20EFCBA300B01E31 /* Debug */,
				FB06196D20EFCBA300B01E31 /* Release */,
			);
			defaultConfigurationIsVisible = 0;
			defaultConfigurationName = Release;
		};
/* End XCConfigurationList section */
	};
	rootObject = FB06194320EFCBA200B01E31 /* Project object */;
}
